{
  "name": "vc-1.1",
  "version": "1.0.0",
  "lockfileVersion": 2,
  "requires": true,
  "packages": {
    "": {
      "name": "vc-1.1",
      "version": "1.0.0",
      "license": "ISC",
      "dependencies": {
        "jose": "^4.11.2"
      }
    },
    "node_modules/jose": {
      "version": "4.11.2",
      "resolved": "https://registry.npmjs.org/jose/-/jose-4.11.2.tgz",
      "integrity": "sha512-njj0VL2TsIxCtgzhO+9RRobBvws4oYyCM8TpvoUQwl/MbIM3NFJRR9+e6x0sS5xXaP1t6OCBkaBME98OV9zU5A==",
      "funding": {
        "url": "https://github.com/sponsors/panva"
      }
    }
  },
  "dependencies": {
    "jose": {
      "version": "4.11.2",
      "resolved": "https://registry.npmjs.org/jose/-/jose-4.11.2.tgz",
      "integrity": "sha512-njj0VL2TsIxCtgzhO+9RRobBvws4oYyCM8TpvoUQwl/MbIM3NFJRR9+e6x0sS5xXaP1t6OCBkaBME98OV9zU5A=="
    }
  }
}
